
Microsoft Visual Studio Solution File, Format Version 12.00
# Visual Studio Version 17
VisualStudioVersion = 17.0.31903.59
MinimumVisualStudioVersion = 10.0.40219.1
Project("{FAE04EC0-301F-11D3-BF4B-00C04F79EFBC}") = "E-commerce.v1.Domain", "E-commerce.v1.Domain\E-commerce.v1.Domain.csproj", "{DDA8CC4F-CAC3-4A7A-ACEC-876037030588}"
EndProject
Project("{FAE04EC0-301F-11D3-BF4B-00C04F79EFBC}") = "E-commerce.v1.Application", "E-commerce.v1.Application\E-commerce.v1.Application.csproj", "{47F62B4B-D6B5-4CA9-BFEB-AC84ADA8DE27}"
EndProject
Project("{FAE04EC0-301F-11D3-BF4B-00C04F79EFBC}") = "E-commerce.v1.Infrastructure", "E-commerce.v1.Infrastructure\E-commerce.v1.Infrastructure.csproj", "{8A7E45BD-082B-49B1-B08B-B7E1721B510A}"
EndProject
Project("{FAE04EC0-301F-11D3-BF4B-00C04F79EFBC}") = "E-commerce.v1.api", "E-commerce.v1.api\E-commerce.v1.api.csproj", "{F2531159-BE51-4093-B08D-0D26458777EC}"
EndProject
Global
	GlobalSection(SolutionConfigurationPlatforms) = preSolution
		Debug|Any CPU = Debug|Any CPU
		Debug|x64 = Debug|x64
		Debug|x86 = Debug|x86
		Release|Any CPU = Release|Any CPU
		Release|x64 = Release|x64
		Release|x86 = Release|x86
	EndGlobalSection
	GlobalSection(ProjectConfigurationPlatforms) = postSolution
		{DDA8CC4F-CAC3-4A7A-ACEC-876037030588}.Debug|Any CPU.ActiveCfg = Debug|Any CPU
		{DDA8CC4F-CAC3-4A7A-ACEC-876037030588}.Debug|Any CPU.Build.0 = Debug|Any CPU
		{DDA8CC4F-CAC3-4A7A-ACEC-876037030588}.Debug|x64.ActiveCfg = Debug|Any CPU
		{DDA8CC4F-CAC3-4A7A-ACEC-876037030588}.Debug|x64.Build.0 = Debug|Any CPU
		{DDA8CC4F-CAC3-4A7A-ACEC-876037030588}.Debug|x86.ActiveCfg = Debug|Any CPU
		{DDA8CC4F-CAC3-4A7A-ACEC-876037030588}.Debug|x86.Build.0 = Debug|Any CPU
		{DDA8CC4F-CAC3-4A7A-ACEC-876037030588}.Release|Any CPU.ActiveCfg = Release|Any CPU
		{DDA8CC4F-CAC3-4A7A-ACEC-876037030588}.Release|Any CPU.Build.0 = Release|Any CPU
		{DDA8CC4F-CAC3-4A7A-ACEC-876037030588}.Release|x64.ActiveCfg = Release|Any CPU
		{DDA8CC4F-CAC3-4A7A-ACEC-876037030588}.Release|x64.Build.0 = Release|Any CPU
		{DDA8CC4F-CAC3-4A7A-ACEC-876037030588}.Release|x86.ActiveCfg = Release|Any CPU
		{DDA8CC4F-CAC3-4A7A-ACEC-876037030588}.Release|x86.Build.0 = Release|Any CPU
		{47F62B4B-D6B5-4CA9-BFEB-AC84ADA8DE27}.Debug|Any CPU.ActiveCfg = Debug|Any CPU
		{47F62B4B-D6B5-4CA9-BFEB-AC84ADA8DE27}.Debug|Any CPU.Build.0 = Debug|Any CPU
		{47F62B4B-D6B5-4CA9-BFEB-AC84ADA8DE27}.Debug|x64.ActiveCfg = Debug|Any CPU
		{47F62B4B-D6B5-4CA9-BFEB-AC84ADA8DE27}.Debug|x64.Build.0 = Debug|Any CPU
		{47F62B4B-D6B5-4CA9-BFEB-AC84ADA8DE27}.Debug|x86.ActiveCfg = Debug|Any CPU
		{47F62B4B-D6B5-4CA9-BFEB-AC84ADA8DE27}.Debug|x86.Build.0 = Debug|Any CPU
		{47F62B4B-D6B5-4CA9-BFEB-AC84ADA8DE27}.Release|Any CPU.ActiveCfg = Release|Any CPU
		{47F62B4B-D6B5-4CA9-BFEB-AC84ADA8DE27}.Release|Any CPU.Build.0 = Release|Any CPU
		{47F62B4B-D6B5-4CA9-BFEB-AC84ADA8DE27}.Release|x64.ActiveCfg = Release|Any CPU
		{47F62B4B-D6B5-4CA9-BFEB-AC84ADA8DE27}.Release|x64.Build.0 = Release|Any CPU
		{47F62B4B-D6B5-4CA9-BFEB-AC84ADA8DE27}.Release|x86.ActiveCfg = Release|Any CPU
		{47F62B4B-D6B5-4CA9-BFEB-AC84ADA8DE27}.Release|x86.Build.0 = Release|Any CPU
		{8A7E45BD-082B-49B1-B08B-B7E1721B510A}.Debug|Any CPU.ActiveCfg = Debug|Any CPU
		{8A7E45BD-082B-49B1-B08B-B7E1721B510A}.Debug|Any CPU.Build.0 = Debug|Any CPU
		{8A7E45BD-082B-49B1-B08B-B7E1721B510A}.Debug|x64.ActiveCfg = Debug|Any CPU
		{8A7E45BD-082B-49B1-B08B-B7E1721B510A}.Debug|x64.Build.0 = Debug|Any CPU
		{8A7E45BD-082B-49B1-B08B-B7E1721B510A}.Debug|x86.ActiveCfg = Debug|Any CPU
		{8A7E45BD-082B-49B1-B08B-B7E1721B510A}.Debug|x86.Build.0 = Debug|Any CPU
		{8A7E45BD-082B-49B1-B08B-B7E1721B510A}.Release|Any CPU.ActiveCfg = Release|Any CPU
		{8A7E45BD-082B-49B1-B08B-B7E1721B510A}.Release|Any CPU.Build.0 = Release|Any CPU
		{8A7E45BD-082B-49B1-B08B-B7E1721B510A}.Release|x64.ActiveCfg = Release|Any CPU
		{8A7E45BD-082B-49B1-B08B-B7E1721B510A}.Release|x64.Build.0 = Release|Any CPU
		{8A7E45BD-082B-49B1-B08B-B7E1721B510A}.Release|x86.ActiveCfg = Release|Any CPU
		{8A7E45BD-082B-49B1-B08B-B7E1721B510A}.Release|x86.Build.0 = Release|Any CPU
		{F2531159-BE51-4093-B08D-0D26458777EC}.Debug|Any CPU.ActiveCfg = Debug|Any CPU
		{F2531159-BE51-4093-B08D-0D26458777EC}.Debug|Any CPU.Build.0 = Debug|Any CPU
		{F2531159-BE51-4093-B08D-0D26458777EC}.Debug|x64.ActiveCfg = Debug|Any CPU
		{F2531159-BE51-4093-B08D-0D26458777EC}.Debug|x64.Build.0 = Debug|Any CPU
		{F2531159-BE51-4093-B08D-0D26458777EC}.Debug|x86.ActiveCfg = Debug|Any CPU
		{F2531159-BE51-4093-B08D-0D26458777EC}.Debug|x86.Build.0 = Debug|Any CPU
		{F2531159-BE51-4093-B08D-0D26458777EC}.Release|Any CPU.ActiveCfg = Release|Any CPU
		{F2531159-BE51-4093-B08D-0D26458777EC}.Release|Any CPU.Build.0 = Release|Any CPU
		{F2531159-BE51-4093-B08D-0D26458777EC}.Release|x64.ActiveCfg = Release|Any CPU
		{F2531159-BE51-4093-B08D-0D26458777EC}.Release|x64.Build.0 = Release|Any CPU
		{F2531159-BE51-4093-B08D-0D26458777EC}.Release|x86.ActiveCfg = Release|Any CPU
		{F2531159-BE51-4093-B08D-0D26458777EC}.Release|x86.Build.0 = Release|Any CPU
	EndGlobalSection
	GlobalSection(SolutionProperties) = preSolution
		HideSolutionNode = FALSE
	EndGlobalSection
EndGlobal
